
Microsoft Visual Studio Solution File, Format Version 12.00
# Visual Studio Version 17
Project("{8BC9CEB8-8B4A-11D0-8D11-00A0C91BC942}") = "ButtonEditor", "ButtonEditor\ButtonEditor.vcxproj", "{E8233FB4-D486-CE58-7D0C-070F694E9ADB}"
EndProject
Project("{8BC9CEB8-8B4A-11D0-8D11-00A0C91BC942}") = "ButtonRuntime", "ButtonRuntime\ButtonRuntime.vcxproj", "{25CADA4C-918A-5683-5AC5-9F00C6449B5F}"
EndProject
Project("{8BC9CEB8-8B4A-11D0-8D11-00A0C91BC942}") = "ButtonSqrd", "ButtonSqrd\ButtonSqrd.vcxproj", "{1B856177-073D-A3C4-7044-7C205C1B3EB5}"
EndProject
Project("{8BC9CEB8-8B4A-11D0-8D11-00A0C91BC942}") = "GLAD", "ButtonSqrd\vendor\glad\GLAD.vcxproj", "{5D4A857C-4981-860D-F26D-6C10DE83020F}"
EndProject
Project("{8BC9CEB8-8B4A-11D0-8D11-00A0C91BC942}") = "ImGui", "ButtonSqrd\vendor\ImGui\ImGui.vcxproj", "{C0FF640D-2C14-8DBE-F595-301E616989EF}"
EndProject
Project("{8BC9CEB8-8B4A-11D0-8D11-00A0C91BC942}") = "ImGuizmo", "ButtonSqrd\vendor\ImGuizmo\ImGuizmo.vcxproj", "{36FD234F-22CA-7E5A-4BE3-6C02370FB4E8}"
EndProject
Project("{8BC9CEB8-8B4A-11D0-8D11-00A0C91BC942}") = "ImNodes", "ButtonSqrd\vendor\ImNodes\ImNodes.vcxproj", "{34491FFB-A028-9E96-A940-296D159F04F8}"
EndProject
Project("{8BC9CEB8-8B4A-11D0-8D11-00A0C91BC942}") = "yaml", "ButtonSqrd\vendor\yaml\yaml.vcxproj", "{7814A17C-644B-A20D-0D38-8810F94D1E0F}"
EndProject
Global
	GlobalSection(SolutionConfigurationPlatforms) = preSolution
		Debug|x64 = Debug|x64
		Dist|x64 = Dist|x64
		Release|x64 = Release|x64
	EndGlobalSection
	GlobalSection(ProjectConfigurationPlatforms) = postSolution
		{E8233FB4-D486-CE58-7D0C-070F694E9ADB}.Debug|x64.ActiveCfg = Debug|x64
		{E8233FB4-D486-CE58-7D0C-070F694E9ADB}.Debug|x64.Build.0 = Debug|x64
		{E8233FB4-D486-CE58-7D0C-070F694E9ADB}.Dist|x64.ActiveCfg = Dist|x64
		{E8233FB4-D486-CE58-7D0C-070F694E9ADB}.Dist|x64.Build.0 = Dist|x64
		{E8233FB4-D486-CE58-7D0C-070F694E9ADB}.Release|x64.ActiveCfg = Release|x64
		{E8233FB4-D486-CE58-7D0C-070F694E9ADB}.Release|x64.Build.0 = Release|x64
		{25CADA4C-918A-5683-5AC5-9F00C6449B5F}.Debug|x64.ActiveCfg = Debug|x64
		{25CADA4C-918A-5683-5AC5-9F00C6449B5F}.Debug|x64.Build.0 = Debug|x64
		{25CADA4C-918A-5683-5AC5-9F00C6449B5F}.Dist|x64.ActiveCfg = Dist|x64
		{25CADA4C-918A-5683-5AC5-9F00C6449B5F}.Dist|x64.Build.0 = Dist|x64
		{25CADA4C-918A-5683-5AC5-9F00C6449B5F}.Release|x64.ActiveCfg = Release|x64
		{25CADA4C-918A-5683-5AC5-9F00C6449B5F}.Release|x64.Build.0 = Release|x64
		{1B856177-073D-A3C4-7044-7C205C1B3EB5}.Debug|x64.ActiveCfg = Debug|x64
		{1B856177-073D-A3C4-7044-7C205C1B3EB5}.Debug|x64.Build.0 = Debug|x64
		{1B856177-073D-A3C4-7044-7C205C1B3EB5}.Dist|x64.ActiveCfg = Dist|x64
		{1B856177-073D-A3C4-7044-7C205C1B3EB5}.Dist|x64.Build.0 = Dist|x64
		{1B856177-073D-A3C4-7044-7C205C1B3EB5}.Release|x64.ActiveCfg = Release|x64
		{1B856177-073D-A3C4-7044-7C205C1B3EB5}.Release|x64.Build.0 = Release|x64
		{5D4A857C-4981-860D-F26D-6C10DE83020F}.Debug|x64.ActiveCfg = Debug|x64
		{5D4A857C-4981-860D-F26D-6C10DE83020F}.Debug|x64.Build.0 = Debug|x64
		{5D4A857C-4981-860D-F26D-6C10DE83020F}.Dist|x64.ActiveCfg = Dist|x64
		{5D4A857C-4981-860D-F26D-6C10DE83020F}.Dist|x64.Build.0 = Dist|x64
		{5D4A857C-4981-860D-F26D-6C10DE83020F}.Release|x64.ActiveCfg = Release|x64
		{5D4A857C-4981-860D-F26D-6C10DE83020F}.Release|x64.Build.0 = Release|x64
		{C0FF640D-2C14-8DBE-F595-301E616989EF}.Debug|x64.ActiveCfg = Debug|x64
		{C0FF640D-2C14-8DBE-F595-301E616989EF}.Debug|x64.Build.0 = Debug|x64
		{C0FF640D-2C14-8DBE-F595-301E616989EF}.Dist|x64.ActiveCfg = Dist|x64
		{C0FF640D-2C14-8DBE-F595-301E616989EF}.Dist|x64.Build.0 = Dist|x64
		{C0FF640D-2C14-8DBE-F595-301E616989EF}.Release|x64.ActiveCfg = Release|x64
		{C0FF640D-2C14-8DBE-F595-301E616989EF}.Release|x64.Build.0 = Release|x64
		{36FD234F-22CA-7E5A-4BE3-6C02370FB4E8}.Debug|x64.ActiveCfg = Debug|x64
		{36FD234F-22CA-7E5A-4BE3-6C02370FB4E8}.Debug|x64.Build.0 = Debug|x64
		{36FD234F-22CA-7E5A-4BE3-6C02370FB4E8}.Dist|x64.ActiveCfg = Dist|x64
		{36FD234F-22CA-7E5A-4BE3-6C02370FB4E8}.Dist|x64.Build.0 = Dist|x64
		{36FD234F-22CA-7E5A-4BE3-6C02370FB4E8}.Release|x64.ActiveCfg = Release|x64
		{36FD234F-22CA-7E5A-4BE3-6C02370FB4E8}.Release|x64.Build.0 = Release|x64
		{34491FFB-A028-9E96-A940-296D159F04F8}.Debug|x64.ActiveCfg = Debug|x64
		{34491FFB-A028-9E96-A940-296D159F04F8}.Debug|x64.Build.0 = Debug|x64
		{34491FFB-A028-9E96-A940-296D159F04F8}.Dist|x64.ActiveCfg = Dist|x64
		{34491FFB-A028-9E96-A940-296D159F04F8}.Dist|x64.Build.0 = Dist|x64
		{34491FFB-A028-9E96-A940-296D159F04F8}.Release|x64.ActiveCfg = Release|x64
		{34491FFB-A028-9E96-A940-296D159F04F8}.Release|x64.Build.0 = Release|x64
		{7814A17C-644B-A20D-0D38-8810F94D1E0F}.Debug|x64.ActiveCfg = Debug|x64
		{7814A17C-644B-A20D-0D38-8810F94D1E0F}.Debug|x64.Build.0 = Debug|x64
		{7814A17C-644B-A20D-0D38-8810F94D1E0F}.Dist|x64.ActiveCfg = Dist|x64
		{7814A17C-644B-A20D-0D38-8810F94D1E0F}.Dist|x64.Build.0 = Dist|x64
		{7814A17C-644B-A20D-0D38-8810F94D1E0F}.Release|x64.ActiveCfg = Release|x64
		{7814A17C-644B-A20D-0D38-8810F94D1E0F}.Release|x64.Build.0 = Release|x64
	EndGlobalSection
	GlobalSection(SolutionProperties) = preSolution
		HideSolutionNode = FALSE
	EndGlobalSection
EndGlobal
